
Microsoft Visual Studio Solution File, Format Version 12.00
# Visual Studio Version 17
VisualStudioVersion = 17.3.32901.215
MinimumVisualStudioVersion = 10.0.40219.1
Project("{FAE04EC0-301F-11D3-BF4B-00C04F79EFBC}") = "SalesWebMvc", "SalesWebMvc\SalesWebMvc.csproj", "{A6D35436-A7CD-4A89-AA1B-C4BFF3F33DD4}"
EndProject
Global
	GlobalSection(SolutionConfigurationPlatforms) = preSolution
		Debug|Any CPU = Debug|Any CPU
		Release|Any CPU = Release|Any CPU
	EndGlobalSection
	GlobalSection(ProjectConfigurationPlatforms) = postSolution
		{A6D35436-A7CD-4A89-AA1B-C4BFF3F33DD4}.Debug|Any CPU.ActiveCfg = Debug|Any CPU
		{A6D35436-A7CD-4A89-AA1B-C4BFF3F33DD4}.Debug|Any CPU.Build.0 = Debug|Any CPU
		{A6D35436-A7CD-4A89-AA1B-C4BFF3F33DD4}.Release|Any CPU.ActiveCfg = Release|Any CPU
		{A6D35436-A7CD-4A89-AA1B-C4BFF3F33DD4}.Release|Any CPU.Build.0 = Release|Any CPU
	EndGlobalSection
	GlobalSection(SolutionProperties) = preSolution
		HideSolutionNode = FALSE
	EndGlobalSection
	GlobalSection(ExtensibilityGlobals) = postSolution
		SolutionGuid = {322A415F-3257-41E4-AC86-F55E90E6EF19}
	EndGlobalSection
EndGlobal
